{
  "nodes": {
    "benchy-master": {
      "inputs": {
        "flakeNimbleLib": [
          "flakeNimbleLib"
        ],
        "nixpkgs": [
          "nixpkgs"
        ],
        "src-benchy-master": "src-benchy-master"
      },
      "locked": {
        "dir": "master",
        "lastModified": 1667322164,
        "narHash": "sha256-+3vOxQgiMeTo4p1BhPGwtHH9C9yBf2GRKgZOblMR8uI=",
        "owner": "nim-nix-pkgs",
        "repo": "benchy",
        "rev": "5b4e139e6dc017d62fbf370db700ff86ea7c50c8",
        "type": "github"
      },
      "original": {
        "dir": "master",
        "owner": "nim-nix-pkgs",
        "ref": "master",
        "repo": "benchy",
        "type": "github"
      }
    },
    "flakeNimbleLib": {
      "inputs": {
        "nixpkgs": [
          "nixpkgs"
        ]
      },
      "locked": {
        "lastModified": 1662018438,
        "narHash": "sha256-QtNtU6+LX3Wokxf0zlFwKTFOcn6TeDjKQZ+DA9OYtvM=",
        "owner": "riinr",
        "repo": "nim-flakes-lib",
        "rev": "b1fe8340736e3a85d25c709ac3dfd82a55c03cbf",
        "type": "github"
      },
      "original": {
        "owner": "riinr",
        "ref": "master",
        "repo": "nim-flakes-lib",
        "type": "github"
      }
    },
    "nixpkgs": {
      "locked": {
        "lastModified": 1667199707,
        "narHash": "sha256-I2Js3Y7gUyVSEXPULHlBoRek4Lh85vnevdS6mdvDNLI=",
        "owner": "NixOS",
        "repo": "nixpkgs",
        "rev": "ced197be72099edcfa68ebed8b87af7b04851f45",
        "type": "github"
      },
      "original": {
        "id": "nixpkgs",
        "type": "indirect"
      }
    },
    "root": {
      "inputs": {
        "benchy-master": "benchy-master",
        "flakeNimbleLib": "flakeNimbleLib",
        "nixpkgs": "nixpkgs"
      }
    },
    "src-benchy-master": {
      "flake": false,
      "locked": {
        "lastModified": 1659133913,
        "narHash": "sha256-CE5jhWNqMcCykATfrBwxIIjzvxgNUdL7d+foyLdvgQ8=",
        "owner": "treeform",
        "repo": "benchy",
        "rev": "280e64ed1324daaabe0456420a4fda588f7b3ae9",
        "type": "github"
      },
      "original": {
        "owner": "treeform",
        "ref": "refs/heads/master",
        "repo": "benchy",
        "type": "github"
      }
    }
  },
  "root": "root",
  "version": 7
}
